{
  "requires": true,
  "lockfileVersion": 1,
  "dependencies": {
    "jw-angular-pagination": {
      "version": "1.0.5",
      "resolved": "https://registry.npmjs.org/jw-angular-pagination/-/jw-angular-pagination-1.0.5.tgz",
      "integrity": "sha512-sfBWgyb+wAGdI7/IX114sM1FGxftZc2If9j6/mVViOlZrfDrM9O0mns91eqzAe1iWDASD/HH1UqCk6+/wTAxUA==",
      "requires": {
        "jw-paginate": "^1.0.2"
      }
    },
    "jw-paginate": {
      "version": "1.0.2",
      "resolved": "https://registry.npmjs.org/jw-paginate/-/jw-paginate-1.0.2.tgz",
      "integrity": "sha1-OM/LfmOX2CjpNTuU08dyERb3Rx0="
    }
  }
}
